
Microsoft Visual Studio Solution File, Format Version 12.00
# Visual Studio Version 17
VisualStudioVersion = 17.14.36408.4 d17.14
MinimumVisualStudioVersion = 10.0.40219.1
Project("{FAE04EC0-301F-11D3-BF4B-00C04F79EFBC}") = "WinFormsApp7", "WinFormsApp7.csproj", "{D8C24686-DEE5-44CF-B495-E341D4EE031D}"
EndProject
Global
	GlobalSection(SolutionConfigurationPlatforms) = preSolution
		Debug|Any CPU = Debug|Any CPU
		Release|Any CPU = Release|Any CPU
	EndGlobalSection
	GlobalSection(ProjectConfigurationPlatforms) = postSolution
		{D8C24686-DEE5-44CF-B495-E341D4EE031D}.Debug|Any CPU.ActiveCfg = Debug|Any CPU
		{D8C24686-DEE5-44CF-B495-E341D4EE031D}.Debug|Any CPU.Build.0 = Debug|Any CPU
		{D8C24686-DEE5-44CF-B495-E341D4EE031D}.Release|Any CPU.ActiveCfg = Release|Any CPU
		{D8C24686-DEE5-44CF-B495-E341D4EE031D}.Release|Any CPU.Build.0 = Release|Any CPU
	EndGlobalSection
	GlobalSection(SolutionProperties) = preSolution
		HideSolutionNode = FALSE
	EndGlobalSection
	GlobalSection(ExtensibilityGlobals) = postSolution
		SolutionGuid = {76F26129-1F12-4991-A84A-65AECE35BF98}
	EndGlobalSection
EndGlobal
